<Solution>
  <Project Path="NaughtyAttributes.Test.csproj" />
  <Project Path="NaughtyAttributes.Core.csproj" />
  <Project Path="ShapesRuntime.csproj" />
  <Project Path="NaughtyAttributes.Editor.csproj" />
  <Project Path="ShapesEditor.csproj" />
  <Project Path="Assembly-CSharp-firstpass.csproj" />
  <Project Path="ShapesSamples.csproj" />
</Solution>
